Microsoft Visual Studio Solution File, Format Version 12.00
# Visual Studio Version 16
VisualStudioVersion = 16.0.29806.167
MinimumVisualStudioVersion = 10.0.40219.1
Project("{8BC9CEB8-8B4A-11D0-8D11-00A0C91BC942}") = "LeetCode-1-Two-Sum", "LeetCode-1-Two-Sum\LeetCode-1-Two-Sum.vcxproj", "{E6930E45-A0CE-4F57-A13C-86AB0BF29521}"
EndProject
Project("{8BC9CEB8-8B4A-11D0-8D11-00A0C91BC942}") = "LeetCode-2-Add-Two-Numbers", "LeetCode-2-Add-Two-Numbers\LeetCode-2-Add-Two-Numbers.vcxproj", "{2624B502-F8CA-414F-B32B-30B974E856A1}"
EndProject
Project("{8BC9CEB8-8B4A-11D0-8D11-00A0C91BC942}") = "LeetCode-3-Longest-Substring-Without-Repeating-Characters", "LeetCode-3-Longest-Substring-Without-Repeating-Characters\LeetCode-3-Longest-Substring-Without-Repeating-Characters.vcxproj", "{D9605FC1-A0FD-48FA-B8C8-051EE10185D8}"
EndProject
Project("{8BC9CEB8-8B4A-11D0-8D11-00A0C91BC942}") = "LeetCode-6-ZigZag-Conversion", "LeetCode-6-ZigZag-Conversion\LeetCode-6-ZigZag-Conversion.vcxproj", "{0915EF7F-05FC-4CBF-89B0-6B704E8D162D}"
EndProject
Project("{8BC9CEB8-8B4A-11D0-8D11-00A0C91BC942}") = "LeetCode-7-Reverse-Integer", "LeetCode-7-Reverse-Integer\LeetCode-7-Reverse-Integer.vcxproj", "{B5E7DCC5-A122-4709-BD03-5C7A087A1FF1}"
EndProject
Project("{8BC9CEB8-8B4A-11D0-8D11-00A0C91BC942}") = "LeetCode-8-String-to-Integer", "LeetCode-8-String-to-Integer\LeetCode-8-String-to-Integer.vcxproj", "{A62DCD90-A4B6-4314-A7C9-38CC14381E9C}"
EndProject
Project("{8BC9CEB8-8B4A-11D0-8D11-00A0C91BC942}") = "LeetCode-9-Palindrome-Number", "LeetCode-9-Palindrome-Number\LeetCode-9-Palindrome-Number.vcxproj", "{14D32E12-7D04-4451-AC6F-34ABBE817E73}"
EndProject
Project("{8BC9CEB8-8B4A-11D0-8D11-00A0C91BC942}") = "LeetCode-4-Median-of-Two-Sorted-Arrays", "LeetCode-4-Median-of-Two-Sorted-Arrays\LeetCode-4-Median-of-Two-Sorted-Arrays.vcxproj", "{8B975ECD-0734-4858-B01F-D4F54CF8C59A}"
EndProject
Project("{8BC9CEB8-8B4A-11D0-8D11-00A0C91BC942}") = "LeetCode-5-Longest-Palindromic-Substring", "LeetCode-5-Longest-Palindromic-Substring\LeetCode-5-Longest-Palindromic-Substring.vcxproj", "{9936384E-A0A8-45A3-BF3D-2EB0616EABB4}"
EndProject
Project("{8BC9CEB8-8B4A-11D0-8D11-00A0C91BC942}") = "LeetCode-10-Regular-Expression-Matching", "LeetCode-10-Regular-Expression-Matching\LeetCode-10-Regular-Expression-Matching.vcxproj", "{7448111D-4E80-496C-82B4-B942591259C8}"
EndProject
Project("{8BC9CEB8-8B4A-11D0-8D11-00A0C91BC942}") = "LeetCode11-Container-With-Most-Water", "LeetCode11-Container-With-Most-Water\LeetCode11-Container-With-Most-Water.vcxproj", "{66E9EC60-0FEA-4A3B-9214-0999EC77F962}"
EndProject
Global
	GlobalSection(SolutionConfigurationPlatforms) = preSolution
		Debug|x64 = Debug|x64
		Debug|x86 = Debug|x86
		Release|x64 = Release|x64
		Release|x86 = Release|x86
	EndGlobalSection
	GlobalSection(ProjectConfigurationPlatforms) = postSolution
		{E6930E45-A0CE-4F57-A13C-86AB0BF29521}.Debug|x64.ActiveCfg = Debug|x64
		{E6930E45-A0CE-4F57-A13C-86AB0BF29521}.Debug|x64.Build.0 = Debug|x64
		{E6930E45-A0CE-4F57-A13C-86AB0BF29521}.Debug|x86.ActiveCfg = Debug|Win32
		{E6930E45-A0CE-4F57-A13C-86AB0BF29521}.Debug|x86.Build.0 = Debug|Win32
		{E6930E45-A0CE-4F57-A13C-86AB0BF29521}.Release|x64.ActiveCfg = Release|x64
		{E6930E45-A0CE-4F57-A13C-86AB0BF29521}.Release|x64.Build.0 = Release|x64
		{E6930E45-A0CE-4F57-A13C-86AB0BF29521}.Release|x86.ActiveCfg = Release|Win32
		{E6930E45-A0CE-4F57-A13C-86AB0BF29521}.Release|x86.Build.0 = Release|Win32
		{2624B502-F8CA-414F-B32B-30B974E856A1}.Debug|x64.ActiveCfg = Debug|x64
		{2624B502-F8CA-414F-B32B-30B974E856A1}.Debug|x64.Build.0 = Debug|x64
		{2624B502-F8CA-414F-B32B-30B974E856A1}.Debug|x86.ActiveCfg = Debug|Win32
		{2624B502-F8CA-414F-B32B-30B974E856A1}.Debug|x86.Build.0 = Debug|Win32
		{2624B502-F8CA-414F-B32B-30B974E856A1}.Release|x64.ActiveCfg = Release|x64
		{2624B502-F8CA-414F-B32B-30B974E856A1}.Release|x64.Build.0 = Release|x64
		{2624B502-F8CA-414F-B32B-30B974E856A1}.Release|x86.ActiveCfg = Release|Win32
		{2624B502-F8CA-414F-B32B-30B974E856A1}.Release|x86.Build.0 = Release|Win32
		{D9605FC1-A0FD-48FA-B8C8-051EE10185D8}.Debug|x64.ActiveCfg = Debug|x64
		{D9605FC1-A0FD-48FA-B8C8-051EE10185D8}.Debug|x64.Build.0 = Debug|x64
		{D9605FC1-A0FD-48FA-B8C8-051EE10185D8}.Debug|x86.ActiveCfg = Debug|Win32
		{D9605FC1-A0FD-48FA-B8C8-051EE10185D8}.Debug|x86.Build.0 = Debug|Win32
		{D9605FC1-A0FD-48FA-B8C8-051EE10185D8}.Release|x64.ActiveCfg = Release|x64
		{D9605FC1-A0FD-48FA-B8C8-051EE10185D8}.Release|x64.Build.0 = Release|x64
		{D9605FC1-A0FD-48FA-B8C8-051EE10185D8}.Release|x86.ActiveCfg = Release|Win32
		{D9605FC1-A0FD-48FA-B8C8-051EE10185D8}.Release|x86.Build.0 = Release|Win32
		{0915EF7F-05FC-4CBF-89B0-6B704E8D162D}.Debug|x64.ActiveCfg = Debug|x64
		{0915EF7F-05FC-4CBF-89B0-6B704E8D162D}.Debug|x64.Build.0 = Debug|x64
		{0915EF7F-05FC-4CBF-89B0-6B704E8D162D}.Debug|x86.ActiveCfg = Debug|Win32
		{0915EF7F-05FC-4CBF-89B0-6B704E8D162D}.Debug|x86.Build.0 = Debug|Win32
		{0915EF7F-05FC-4CBF-89B0-6B704E8D162D}.Release|x64.ActiveCfg = Release|x64
		{0915EF7F-05FC-4CBF-89B0-6B704E8D162D}.Release|x64.Build.0 = Release|x64
		{0915EF7F-05FC-4CBF-89B0-6B704E8D162D}.Release|x86.ActiveCfg = Release|Win32
		{0915EF7F-05FC-4CBF-89B0-6B704E8D162D}.Release|x86.Build.0 = Release|Win32
		{B5E7DCC5-A122-4709-BD03-5C7A087A1FF1}.Debug|x64.ActiveCfg = Debug|x64
		{B5E7DCC5-A122-4709-BD03-5C7A087A1FF1}.Debug|x64.Build.0 = Debug|x64
		{B5E7DCC5-A122-4709-BD03-5C7A087A1FF1}.Debug|x86.ActiveCfg = Debug|Win32
		{B5E7DCC5-A122-4709-BD03-5C7A087A1FF1}.Debug|x86.Build.0 = Debug|Win32
		{B5E7DCC5-A122-4709-BD03-5C7A087A1FF1}.Release|x64.ActiveCfg = Release|x64
		{B5E7DCC5-A122-4709-BD03-5C7A087A1FF1}.Release|x64.Build.0 = Release|x64
		{B5E7DCC5-A122-4709-BD03-5C7A087A1FF1}.Release|x86.ActiveCfg = Release|Win32
		{B5E7DCC5-A122-4709-BD03-5C7A087A1FF1}.Release|x86.Build.0 = Release|Win32
		{A62DCD90-A4B6-4314-A7C9-38CC14381E9C}.Debug|x64.ActiveCfg = Debug|x64
		{A62DCD90-A4B6-4314-A7C9-38CC14381E9C}.Debug|x64.Build.0 = Debug|x64
		{A62DCD90-A4B6-4314-A7C9-38CC14381E9C}.Debug|x86.ActiveCfg = Debug|Win32
		{A62DCD90-A4B6-4314-A7C9-38CC14381E9C}.Debug|x86.Build.0 = Debug|Win32
		{A62DCD90-A4B6-4314-A7C9-38CC14381E9C}.Release|x64.ActiveCfg = Release|x64
		{A62DCD90-A4B6-4314-A7C9-38CC14381E9C}.Release|x64.Build.0 = Release|x64
		{A62DCD90-A4B6-4314-A7C9-38CC14381E9C}.Release|x86.ActiveCfg = Release|Win32
		{A62DCD90-A4B6-4314-A7C9-38CC14381E9C}.Release|x86.Build.0 = Release|Win32
		{14D32E12-7D04-4451-AC6F-34ABBE817E73}.Debug|x64.ActiveCfg = Debug|x64
		{14D32E12-7D04-4451-AC6F-34ABBE817E73}.Debug|x64.Build.0 = Debug|x64
		{14D32E12-7D04-4451-AC6F-34ABBE817E73}.Debug|x86.ActiveCfg = Debug|Win32
		{14D32E12-7D04-4451-AC6F-34ABBE817E73}.Debug|x86.Build.0 = Debug|Win32
		{14D32E12-7D04-4451-AC6F-34ABBE817E73}.Release|x64.ActiveCfg = Release|x64
		{14D32E12-7D04-4451-AC6F-34ABBE817E73}.Release|x64.Build.0 = Release|x64
		{14D32E12-7D04-4451-AC6F-34ABBE817E73}.Release|x86.ActiveCfg = Release|Win32
		{14D32E12-7D04-4451-AC6F-34ABBE817E73}.Release|x86.Build.0 = Release|Win32
		{8B975ECD-0734-4858-B01F-D4F54CF8C59A}.Debug|x64.ActiveCfg = Debug|x64
		{8B975ECD-0734-4858-B01F-D4F54CF8C59A}.Debug|x64.Build.0 = Debug|x64
		{8B975ECD-0734-4858-B01F-D4F54CF8C59A}.Debug|x86.ActiveCfg = Debug|Win32
		{8B975ECD-0734-4858-B01F-D4F54CF8C59A}.Debug|x86.Build.0 = Debug|Win32
		{8B975ECD-0734-4858-B01F-D4F54CF8C59A}.Release|x64.ActiveCfg = Release|x64
		{8B975ECD-0734-4858-B01F-D4F54CF8C59A}.Release|x64.Build.0 = Release|x64
		{8B975ECD-0734-4858-B01F-D4F54CF8C59A}.Release|x86.ActiveCfg = Release|Win32
		{8B975ECD-0734-4858-B01F-D4F54CF8C59A}.Release|x86.Build.0 = Release|Win32
		{9936384E-A0A8-45A3-BF3D-2EB0616EABB4}.Debug|x64.ActiveCfg = Debug|x64
		{9936384E-A0A8-45A3-BF3D-2EB0616EABB4}.Debug|x64.Build.0 = Debug|x64
		{9936384E-A0A8-45A3-BF3D-2EB0616EABB4}.Debug|x86.ActiveCfg = Debug|Win32
		{9936384E-A0A8-45A3-BF3D-2EB0616EABB4}.Debug|x86.Build.0 = Debug|Win32
		{9936384E-A0A8-45A3-BF3D-2EB0616EABB4}.Release|x64.ActiveCfg = Release|x64
		{9936384E-A0A8-45A3-BF3D-2EB0616EABB4}.Release|x64.Build.0 = Release|x64
		{9936384E-A0A8-45A3-BF3D-2EB0616EABB4}.Release|x86.ActiveCfg = Release|Win32
		{9936384E-A0A8-45A3-BF3D-2EB0616EABB4}.Release|x86.Build.0 = Release|Win32
		{7448111D-4E80-496C-82B4-B942591259C8}.Debug|x64.ActiveCfg = Debug|x64
		{7448111D-4E80-496C-82B4-B942591259C8}.Debug|x64.Build.0 = Debug|x64
		{7448111D-4E80-496C-82B4-B942591259C8}.Debug|x86.ActiveCfg = Debug|Win32
		{7448111D-4E80-496C-82B4-B942591259C8}.Debug|x86.Build.0 = Debug|Win32
		{7448111D-4E80-496C-82B4-B942591259C8}.Release|x64.ActiveCfg = Release|x64
		{7448111D-4E80-496C-82B4-B942591259C8}.Release|x64.Build.0 = Release|x64
		{7448111D-4E80-496C-82B4-B942591259C8}.Release|x86.ActiveCfg = Release|Win32
		{7448111D-4E80-496C-82B4-B942591259C8}.Release|x86.Build.0 = Release|Win32
		{66E9EC60-0FEA-4A3B-9214-0999EC77F962}.Debug|x64.ActiveCfg = Debug|x64
		{66E9EC60-0FEA-4A3B-9214-0999EC77F962}.Debug|x64.Build.0 = Debug|x64
		{66E9EC60-0FEA-4A3B-9214-0999EC77F962}.Debug|x86.ActiveCfg = Debug|Win32
		{66E9EC60-0FEA-4A3B-9214-0999EC77F962}.Debug|x86.Build.0 = Debug|Win32
		{66E9EC60-0FEA-4A3B-9214-0999EC77F962}.Release|x64.ActiveCfg = Release|x64
		{66E9EC60-0FEA-4A3B-9214-0999EC77F962}.Release|x64.Build.0 = Release|x64
		{66E9EC60-0FEA-4A3B-9214-0999EC77F962}.Release|x86.ActiveCfg = Release|Win32
		{66E9EC60-0FEA-4A3B-9214-0999EC77F962}.Release|x86.Build.0 = Release|Win32
	EndGlobalSection
	GlobalSection(SolutionProperties) = preSolution
		HideSolutionNode = FALSE
	EndGlobalSection
	GlobalSection(ExtensibilityGlobals) = postSolution
		SolutionGuid = {7685704F-6A13-4647-9DE2-7EB348B7EA80}
	EndGlobalSection
EndGlobal
