Microsoft Visual Studio Solution File, Format Version 12.00
# Visual Studio Version 16
VisualStudioVersion = 16.0.29806.167
MinimumVisualStudioVersion = 10.0.40219.1
Project("{8BC9CEB8-8B4A-11D0-8D11-00A0C91BC942}") = "LeetCode-1-Two-Sum", "LeetCode-1-Two-Sum\LeetCode-1-Two-Sum.vcxproj", "{E6930E45-A0CE-4F57-A13C-86AB0BF29521}"
EndProject
Project("{8BC9CEB8-8B4A-11D0-8D11-00A0C91BC942}") = "LeetCode-2-Add-Two-Numbers", "LeetCode-2-Add-Two-Numbers\LeetCode-2-Add-Two-Numbers.vcxproj", "{2624B502-F8CA-414F-B32B-30B974E856A1}"
EndProject
Project("{8BC9CEB8-8B4A-11D0-8D11-00A0C91BC942}") = "LeetCode-3-Longest-Substring-Without-Repeating-Characters", "LeetCode-3-Longest-Substring-Without-Repeating-Characters\LeetCode-3-Longest-Substring-Without-Repeating-Characters.vcxproj", "{D9605FC1-A0FD-48FA-B8C8-051EE10185D8}"
EndProject
Project("{8BC9CEB8-8B4A-11D0-8D11-00A0C91BC942}") = "LeetCode-6-ZigZag-Conversion", "LeetCode-6-ZigZag-Conversion\LeetCode-6-ZigZag-Conversion.vcxproj", "{0915EF7F-05FC-4CBF-89B0-6B704E8D162D}"
EndProject
Project("{8BC9CEB8-8B4A-11D0-8D11-00A0C91BC942}") = "LeetCode-7-Reverse-Integer", "LeetCode-7-Reverse-Integer\LeetCode-7-Reverse-Integer.vcxproj", "{B5E7DCC5-A122-4709-BD03-5C7A087A1FF1}"
EndProject
Project("{8BC9CEB8-8B4A-11D0-8D11-00A0C91BC942}") = "LeetCode-8-String-to-Integer", "LeetCode-8-String-to-Integer\LeetCode-8-String-to-Integer.vcxproj", "{A62DCD90-A4B6-4314-A7C9-38CC14381E9C}"
EndProject
Project("{8BC9CEB8-8B4A-11D0-8D11-00A0C91BC942}") = "LeetCode-9-Palindrome-Number", "LeetCode-9-Palindrome-Number\LeetCode-9-Palindrome-Number.vcxproj", "{14D32E12-7D04-4451-AC6F-34ABBE817E73}"
EndProject
Project("{8BC9CEB8-8B4A-11D0-8D11-00A0C91BC942}") = "LeetCode-4-Median-of-Two-Sorted-Arrays", "LeetCode-4-Median-of-Two-Sorted-Arrays\LeetCode-4-Median-of-Two-Sorted-Arrays.vcxproj", "{8B975ECD-0734-4858-B01F-D4F54CF8C59A}"
EndProject
Project("{8BC9CEB8-8B4A-11D0-8D11-00A0C91BC942}") = "LeetCode-5-Longest-Palindromic-Substring", "LeetCode-5-Longest-Palindromic-Substring\LeetCode-5-Longest-Palindromic-Substring.vcxproj", "{9936384E-A0A8-45A3-BF3D-2EB0616EABB4}"
EndProject
Project("{8BC9CEB8-8B4A-11D0-8D11-00A0C91BC942}") = "LeetCode-10-Regular-Expression-Matching", "LeetCode-10-Regular-Expression-Matching\LeetCode-10-Regular-Expression-Matching.vcxproj", "{7448111D-4E80-496C-82B4-B942591259C8}"
EndProject
Project("{8BC9CEB8-8B4A-11D0-8D11-00A0C91BC942}") = "LeetCode11-Container-With-Most-Water", "LeetCode11-Container-With-Most-Water\LeetCode11-Container-With-Most-Water.vcxproj", "{66E9EC60-0FEA-4A3B-9214-0999EC77F962}"
EndProject
Project("{8BC9CEB8-8B4A-11D0-8D11-00A0C91BC942}") = "LeetCode12-Integer-to-Roman", "LeetCode12-Integer-to-Roman\LeetCode12-Integer-to-Roman.vcxproj", "{3FBF1265-3911-416D-B399-8684B5B99405}"
EndProject
Project("{8BC9CEB8-8B4A-11D0-8D11-00A0C91BC942}") = "LeetCode13-Roman-to-Integer", "LeetCode13-Roman-to-Integer\LeetCode13-Roman-to-Integer.vcxproj", "{8460E3AE-81A9-47FF-85DB-66E9E797D05F}"
EndProject
Project("{8BC9CEB8-8B4A-11D0-8D11-00A0C91BC942}") = "LeetCode-14-Longest-Common-Prefix", "LeetCode-14-Longest-Common-Prefix\LeetCode-14-Longest-Common-Prefix.vcxproj", "{B2E66BA7-53BE-44E4-B7DE-E6AB35EBA1D3}"
EndProject
Project("{8BC9CEB8-8B4A-11D0-8D11-00A0C91BC942}") = "LeetCode-15-3Sum", "LeetCode-15-3Sum\LeetCode-15-3Sum.vcxproj", "{BF8E8CC4-AA43-4F33-8434-60F836944C2A}"
EndProject
Project("{8BC9CEB8-8B4A-11D0-8D11-00A0C91BC942}") = "LeetCode-16-3Sum-Closest", "LeetCode-16-3Sum-Closest\LeetCode-16-3Sum-Closest.vcxproj", "{7D3E32E8-5351-4FEE-9285-54A84A8010A9}"
EndProject
Project("{8BC9CEB8-8B4A-11D0-8D11-00A0C91BC942}") = "LeetCode-17-Letter-Combinations-of-a-Phone-Number", "LeetCode-17-Letter-Combinations-of-a-Phone-Number\LeetCode-17-Letter-Combinations-of-a-Phone-Number.vcxproj", "{083E7B04-2404-42C8-8D7A-A3544A2D4975}"
EndProject
Project("{8BC9CEB8-8B4A-11D0-8D11-00A0C91BC942}") = "LeetCode-18-4Sum", "LeetCode-18-4Sum\LeetCode-18-4Sum.vcxproj", "{7779FE12-5531-482F-AED1-68BEA5C74338}"
EndProject
Project("{8BC9CEB8-8B4A-11D0-8D11-00A0C91BC942}") = "LeetCode-19-Remove-Nth-Node-From-End-of-List", "LeetCode-19-Remove-Nth-Node-From-End-of-List\LeetCode-19-Remove-Nth-Node-From-End-of-List.vcxproj", "{1149FED0-4E72-4576-8F34-A0624957877C}"
EndProject
Project("{8BC9CEB8-8B4A-11D0-8D11-00A0C91BC942}") = "LeetCode20-Valid-Parentheses", "LeetCode20-Valid-Parentheses\LeetCode20-Valid-Parentheses.vcxproj", "{C2AC6C28-59B1-4929-9697-A5D7A274AF11}"
EndProject
Project("{8BC9CEB8-8B4A-11D0-8D11-00A0C91BC942}") = "LeetCode21-Merge-Two-Sorted-Lists", "LeetCode21-Merge-Two-Sorted-Lists\LeetCode21-Merge-Two-Sorted-Lists.vcxproj", "{6732C7F6-AA2D-4B0D-A8F1-532E0A094844}"
EndProject
Project("{8BC9CEB8-8B4A-11D0-8D11-00A0C91BC942}") = "LeetCode22-Generate-Parentheses", "LeetCode22-Generate-Parentheses\LeetCode22-Generate-Parentheses.vcxproj", "{396E649A-F752-4EDE-9C67-D971781ADA71}"
EndProject
Project("{8BC9CEB8-8B4A-11D0-8D11-00A0C91BC942}") = "LeetCode23-Merge-k-Sorted-Lists", "LeetCode23-Merge-k-Sorted-Lists\LeetCode23-Merge-k-Sorted-Lists.vcxproj", "{CD3DB125-D596-4064-8F8D-206CF0D13677}"
EndProject
Global
	GlobalSection(SolutionConfigurationPlatforms) = preSolution
		Debug|x64 = Debug|x64
		Release|x64 = Release|x64
	EndGlobalSection
	GlobalSection(ProjectConfigurationPlatforms) = postSolution
		{E6930E45-A0CE-4F57-A13C-86AB0BF29521}.Debug|x64.ActiveCfg = Debug|x64
		{E6930E45-A0CE-4F57-A13C-86AB0BF29521}.Debug|x64.Build.0 = Debug|x64
		{E6930E45-A0CE-4F57-A13C-86AB0BF29521}.Release|x64.ActiveCfg = Release|x64
		{E6930E45-A0CE-4F57-A13C-86AB0BF29521}.Release|x64.Build.0 = Release|x64
		{2624B502-F8CA-414F-B32B-30B974E856A1}.Debug|x64.ActiveCfg = Debug|x64
		{2624B502-F8CA-414F-B32B-30B974E856A1}.Debug|x64.Build.0 = Debug|x64
		{2624B502-F8CA-414F-B32B-30B974E856A1}.Release|x64.ActiveCfg = Release|x64
		{2624B502-F8CA-414F-B32B-30B974E856A1}.Release|x64.Build.0 = Release|x64
		{D9605FC1-A0FD-48FA-B8C8-051EE10185D8}.Debug|x64.ActiveCfg = Debug|x64
		{D9605FC1-A0FD-48FA-B8C8-051EE10185D8}.Debug|x64.Build.0 = Debug|x64
		{D9605FC1-A0FD-48FA-B8C8-051EE10185D8}.Release|x64.ActiveCfg = Release|x64
		{D9605FC1-A0FD-48FA-B8C8-051EE10185D8}.Release|x64.Build.0 = Release|x64
		{0915EF7F-05FC-4CBF-89B0-6B704E8D162D}.Debug|x64.ActiveCfg = Debug|x64
		{0915EF7F-05FC-4CBF-89B0-6B704E8D162D}.Debug|x64.Build.0 = Debug|x64
		{0915EF7F-05FC-4CBF-89B0-6B704E8D162D}.Release|x64.ActiveCfg = Release|x64
		{0915EF7F-05FC-4CBF-89B0-6B704E8D162D}.Release|x64.Build.0 = Release|x64
		{B5E7DCC5-A122-4709-BD03-5C7A087A1FF1}.Debug|x64.ActiveCfg = Debug|x64
		{B5E7DCC5-A122-4709-BD03-5C7A087A1FF1}.Debug|x64.Build.0 = Debug|x64
		{B5E7DCC5-A122-4709-BD03-5C7A087A1FF1}.Release|x64.ActiveCfg = Release|x64
		{B5E7DCC5-A122-4709-BD03-5C7A087A1FF1}.Release|x64.Build.0 = Release|x64
		{A62DCD90-A4B6-4314-A7C9-38CC14381E9C}.Debug|x64.ActiveCfg = Debug|x64
		{A62DCD90-A4B6-4314-A7C9-38CC14381E9C}.Debug|x64.Build.0 = Debug|x64
		{A62DCD90-A4B6-4314-A7C9-38CC14381E9C}.Release|x64.ActiveCfg = Release|x64
		{A62DCD90-A4B6-4314-A7C9-38CC14381E9C}.Release|x64.Build.0 = Release|x64
		{14D32E12-7D04-4451-AC6F-34ABBE817E73}.Debug|x64.ActiveCfg = Debug|x64
		{14D32E12-7D04-4451-AC6F-34ABBE817E73}.Debug|x64.Build.0 = Debug|x64
		{14D32E12-7D04-4451-AC6F-34ABBE817E73}.Release|x64.ActiveCfg = Release|x64
		{14D32E12-7D04-4451-AC6F-34ABBE817E73}.Release|x64.Build.0 = Release|x64
		{8B975ECD-0734-4858-B01F-D4F54CF8C59A}.Debug|x64.ActiveCfg = Debug|x64
		{8B975ECD-0734-4858-B01F-D4F54CF8C59A}.Debug|x64.Build.0 = Debug|x64
		{8B975ECD-0734-4858-B01F-D4F54CF8C59A}.Release|x64.ActiveCfg = Release|x64
		{8B975ECD-0734-4858-B01F-D4F54CF8C59A}.Release|x64.Build.0 = Release|x64
		{9936384E-A0A8-45A3-BF3D-2EB0616EABB4}.Debug|x64.ActiveCfg = Debug|x64
		{9936384E-A0A8-45A3-BF3D-2EB0616EABB4}.Debug|x64.Build.0 = Debug|x64
		{9936384E-A0A8-45A3-BF3D-2EB0616EABB4}.Release|x64.ActiveCfg = Release|x64
		{9936384E-A0A8-45A3-BF3D-2EB0616EABB4}.Release|x64.Build.0 = Release|x64
		{7448111D-4E80-496C-82B4-B942591259C8}.Debug|x64.ActiveCfg = Debug|x64
		{7448111D-4E80-496C-82B4-B942591259C8}.Debug|x64.Build.0 = Debug|x64
		{7448111D-4E80-496C-82B4-B942591259C8}.Release|x64.ActiveCfg = Release|x64
		{7448111D-4E80-496C-82B4-B942591259C8}.Release|x64.Build.0 = Release|x64
		{66E9EC60-0FEA-4A3B-9214-0999EC77F962}.Debug|x64.ActiveCfg = Debug|x64
		{66E9EC60-0FEA-4A3B-9214-0999EC77F962}.Debug|x64.Build.0 = Debug|x64
		{66E9EC60-0FEA-4A3B-9214-0999EC77F962}.Release|x64.ActiveCfg = Release|x64
		{66E9EC60-0FEA-4A3B-9214-0999EC77F962}.Release|x64.Build.0 = Release|x64
		{3FBF1265-3911-416D-B399-8684B5B99405}.Debug|x64.ActiveCfg = Debug|x64
		{3FBF1265-3911-416D-B399-8684B5B99405}.Debug|x64.Build.0 = Debug|x64
		{3FBF1265-3911-416D-B399-8684B5B99405}.Release|x64.ActiveCfg = Release|x64
		{3FBF1265-3911-416D-B399-8684B5B99405}.Release|x64.Build.0 = Release|x64
		{8460E3AE-81A9-47FF-85DB-66E9E797D05F}.Debug|x64.ActiveCfg = Debug|x64
		{8460E3AE-81A9-47FF-85DB-66E9E797D05F}.Debug|x64.Build.0 = Debug|x64
		{8460E3AE-81A9-47FF-85DB-66E9E797D05F}.Release|x64.ActiveCfg = Release|x64
		{8460E3AE-81A9-47FF-85DB-66E9E797D05F}.Release|x64.Build.0 = Release|x64
		{B2E66BA7-53BE-44E4-B7DE-E6AB35EBA1D3}.Debug|x64.ActiveCfg = Debug|x64
		{B2E66BA7-53BE-44E4-B7DE-E6AB35EBA1D3}.Debug|x64.Build.0 = Debug|x64
		{B2E66BA7-53BE-44E4-B7DE-E6AB35EBA1D3}.Release|x64.ActiveCfg = Release|x64
		{B2E66BA7-53BE-44E4-B7DE-E6AB35EBA1D3}.Release|x64.Build.0 = Release|x64
		{BF8E8CC4-AA43-4F33-8434-60F836944C2A}.Debug|x64.ActiveCfg = Debug|x64
		{BF8E8CC4-AA43-4F33-8434-60F836944C2A}.Debug|x64.Build.0 = Debug|x64
		{BF8E8CC4-AA43-4F33-8434-60F836944C2A}.Release|x64.ActiveCfg = Release|x64
		{BF8E8CC4-AA43-4F33-8434-60F836944C2A}.Release|x64.Build.0 = Release|x64
		{7D3E32E8-5351-4FEE-9285-54A84A8010A9}.Debug|x64.ActiveCfg = Debug|x64
		{7D3E32E8-5351-4FEE-9285-54A84A8010A9}.Debug|x64.Build.0 = Debug|x64
		{7D3E32E8-5351-4FEE-9285-54A84A8010A9}.Release|x64.ActiveCfg = Release|x64
		{7D3E32E8-5351-4FEE-9285-54A84A8010A9}.Release|x64.Build.0 = Release|x64
		{083E7B04-2404-42C8-8D7A-A3544A2D4975}.Debug|x64.ActiveCfg = Debug|x64
		{083E7B04-2404-42C8-8D7A-A3544A2D4975}.Debug|x64.Build.0 = Debug|x64
		{083E7B04-2404-42C8-8D7A-A3544A2D4975}.Release|x64.ActiveCfg = Release|x64
		{083E7B04-2404-42C8-8D7A-A3544A2D4975}.Release|x64.Build.0 = Release|x64
		{7779FE12-5531-482F-AED1-68BEA5C74338}.Debug|x64.ActiveCfg = Debug|x64
		{7779FE12-5531-482F-AED1-68BEA5C74338}.Debug|x64.Build.0 = Debug|x64
		{7779FE12-5531-482F-AED1-68BEA5C74338}.Release|x64.ActiveCfg = Release|x64
		{7779FE12-5531-482F-AED1-68BEA5C74338}.Release|x64.Build.0 = Release|x64
		{1149FED0-4E72-4576-8F34-A0624957877C}.Debug|x64.ActiveCfg = Debug|x64
		{1149FED0-4E72-4576-8F34-A0624957877C}.Debug|x64.Build.0 = Debug|x64
		{1149FED0-4E72-4576-8F34-A0624957877C}.Release|x64.ActiveCfg = Release|x64
		{1149FED0-4E72-4576-8F34-A0624957877C}.Release|x64.Build.0 = Release|x64
		{C2AC6C28-59B1-4929-9697-A5D7A274AF11}.Debug|x64.ActiveCfg = Debug|x64
		{C2AC6C28-59B1-4929-9697-A5D7A274AF11}.Debug|x64.Build.0 = Debug|x64
		{C2AC6C28-59B1-4929-9697-A5D7A274AF11}.Release|x64.ActiveCfg = Release|x64
		{C2AC6C28-59B1-4929-9697-A5D7A274AF11}.Release|x64.Build.0 = Release|x64
		{6732C7F6-AA2D-4B0D-A8F1-532E0A094844}.Debug|x64.ActiveCfg = Debug|x64
		{6732C7F6-AA2D-4B0D-A8F1-532E0A094844}.Debug|x64.Build.0 = Debug|x64
		{6732C7F6-AA2D-4B0D-A8F1-532E0A094844}.Release|x64.ActiveCfg = Release|x64
		{6732C7F6-AA2D-4B0D-A8F1-532E0A094844}.Release|x64.Build.0 = Release|x64
		{396E649A-F752-4EDE-9C67-D971781ADA71}.Debug|x64.ActiveCfg = Debug|x64
		{396E649A-F752-4EDE-9C67-D971781ADA71}.Debug|x64.Build.0 = Debug|x64
		{396E649A-F752-4EDE-9C67-D971781ADA71}.Release|x64.ActiveCfg = Release|x64
		{396E649A-F752-4EDE-9C67-D971781ADA71}.Release|x64.Build.0 = Release|x64
		{CD3DB125-D596-4064-8F8D-206CF0D13677}.Debug|x64.ActiveCfg = Debug|x64
		{CD3DB125-D596-4064-8F8D-206CF0D13677}.Debug|x64.Build.0 = Debug|x64
		{CD3DB125-D596-4064-8F8D-206CF0D13677}.Release|x64.ActiveCfg = Release|x64
		{CD3DB125-D596-4064-8F8D-206CF0D13677}.Release|x64.Build.0 = Release|x64
	EndGlobalSection
	GlobalSection(SolutionProperties) = preSolution
		HideSolutionNode = FALSE
	EndGlobalSection
	GlobalSection(ExtensibilityGlobals) = postSolution
		SolutionGuid = {7685704F-6A13-4647-9DE2-7EB348B7EA80}
	EndGlobalSection
EndGlobal
