<?xml version="1.0" encoding="utf-8"?>
<Project ToolsVersion="4.0" xmlns="http://schemas.microsoft.com/developer/msbuild/2003">
  <ItemGroup>
    <ClInclude Include="box_is_pull.h" />
    <ClInclude Include="ABBB.h" />
    <ClInclude Include="belted_rooms.h" />
    <ClInclude Include="bouncing_boomerangs.h" />
    <ClInclude Include="carrots_for_rabbits.h" />
  </ItemGroup>
  <ItemGroup>
    <ClCompile Include="main.cpp" />
  </ItemGroup>
</Project>